// !$*UTF8*$!
{
	archiveVersion = 1;
	classes = {
	};
	objectVersion = 56;
	objects = {

/* Begin PBXBuildFile section */
		9B71D4F32B1A301B002EB6B1 /* Event2023Day01.swift in Sources */ = {isa = PBXBuildFile; fileRef = 9B71D4F22B1A301B002EB6B1 /* Event2023Day01.swift */; };
		9B71D4F52B1A31C3002EB6B1 /* Event2023Tests.swift in Sources */ = {isa = PBXBuildFile; fileRef = 9B71D4F42B1A31C3002EB6B1 /* Event2023Tests.swift */; };
		9B71D4FA2B1A337D002EB6B1 /* Event2023Day01.swift in Sources */ = {isa = PBXBuildFile; fileRef = 9B71D4F92B1A337D002EB6B1 /* Event2023Day01.swift */; };
		9B71D4FF2B1A3655002EB6B1 /* String+Ext.swift in Sources */ = {isa = PBXBuildFile; fileRef = 9B71D4FE2B1A3655002EB6B1 /* String+Ext.swift */; };
		9B71D5012B1A403C002EB6B1 /* Int+Ext.swift in Sources */ = {isa = PBXBuildFile; fileRef = 9B71D5002B1A403C002EB6B1 /* Int+Ext.swift */; };
		9B71D5032B1A4111002EB6B1 /* UtilsTests.swift in Sources */ = {isa = PBXBuildFile; fileRef = 9B71D5022B1A4111002EB6B1 /* UtilsTests.swift */; };
		9B71D51B2B1C04BD002EB6B1 /* Event2023Day02.swift in Sources */ = {isa = PBXBuildFile; fileRef = 9B71D51A2B1C04BD002EB6B1 /* Event2023Day02.swift */; };
		9B71D51D2B1C0510002EB6B1 /* Event2023Day02.swift in Sources */ = {isa = PBXBuildFile; fileRef = 9B71D51C2B1C0510002EB6B1 /* Event2023Day02.swift */; };
		9B71D5252B1C1DA5002EB6B1 /* Collections in Frameworks */ = {isa = PBXBuildFile; productRef = 9B71D5242B1C1DA5002EB6B1 /* Collections */; };
		9B71D5332B1C43AA002EB6B1 /* Event2023Day03.swift in Sources */ = {isa = PBXBuildFile; fileRef = 9B71D5322B1C43AA002EB6B1 /* Event2023Day03.swift */; };
		9B71D5352B1C43F3002EB6B1 /* Event2023Day03.swift in Sources */ = {isa = PBXBuildFile; fileRef = 9B71D5342B1C43F3002EB6B1 /* Event2023Day03.swift */; };
		9B71D5372B1C44DE002EB6B1 /* Grid.swift in Sources */ = {isa = PBXBuildFile; fileRef = 9B71D5362B1C44DE002EB6B1 /* Grid.swift */; };
		9B71D5392B1C474B002EB6B1 /* Point.swift in Sources */ = {isa = PBXBuildFile; fileRef = 9B71D5382B1C474B002EB6B1 /* Point.swift */; };
		9B71D53B2B1C47B6002EB6B1 /* Direction.swift in Sources */ = {isa = PBXBuildFile; fileRef = 9B71D53A2B1C47B6002EB6B1 /* Direction.swift */; };
		9B71D53D2B1E319C002EB6B1 /* Event2023Day04.swift in Sources */ = {isa = PBXBuildFile; fileRef = 9B71D53C2B1E319C002EB6B1 /* Event2023Day04.swift */; };
		9B71D53F2B1E31D8002EB6B1 /* Event2023Day04.swift in Sources */ = {isa = PBXBuildFile; fileRef = 9B71D53E2B1E31D8002EB6B1 /* Event2023Day04.swift */; };
		9B71D5422B1E35B5002EB6B1 /* Numerics in Frameworks */ = {isa = PBXBuildFile; productRef = 9B71D5412B1E35B5002EB6B1 /* Numerics */; };
		9B71D54C2B1F97B0002EB6B1 /* Event2023Day05.swift in Sources */ = {isa = PBXBuildFile; fileRef = 9B71D54B2B1F97B0002EB6B1 /* Event2023Day05.swift */; };
		9B71D54E2B1F97FB002EB6B1 /* Event2023Day05.swift in Sources */ = {isa = PBXBuildFile; fileRef = 9B71D54D2B1F97FB002EB6B1 /* Event2023Day05.swift */; };
		9B71D55B2B215B69002EB6B1 /* Event2023Day06.swift in Sources */ = {isa = PBXBuildFile; fileRef = 9B71D55A2B215B69002EB6B1 /* Event2023Day06.swift */; };
		9B71D55D2B215BBC002EB6B1 /* Event2023Day06.swift in Sources */ = {isa = PBXBuildFile; fileRef = 9B71D55C2B215BBC002EB6B1 /* Event2023Day06.swift */; };
		9B751CAE2B22ADED00C22AE3 /* Event2023Day07.swift in Sources */ = {isa = PBXBuildFile; fileRef = 9B751CAD2B22ADED00C22AE3 /* Event2023Day07.swift */; };
		9B751CB02B22AE3900C22AE3 /* Event2023Day07.swift in Sources */ = {isa = PBXBuildFile; fileRef = 9B751CAF2B22AE3900C22AE3 /* Event2023Day07.swift */; };
		9B751CB22B23A2C100C22AE3 /* Event2023Day08.swift in Sources */ = {isa = PBXBuildFile; fileRef = 9B751CB12B23A2C100C22AE3 /* Event2023Day08.swift */; };
		9B751CB42B23A30000C22AE3 /* Event2023Day08.swift in Sources */ = {isa = PBXBuildFile; fileRef = 9B751CB32B23A30000C22AE3 /* Event2023Day08.swift */; };
		9B751CB72B23B14800C22AE3 /* Algorithms in Frameworks */ = {isa = PBXBuildFile; productRef = 9B751CB62B23B14800C22AE3 /* Algorithms */; };
		9B751CB92B2434BE00C22AE3 /* Functions.swift in Sources */ = {isa = PBXBuildFile; fileRef = 9B751CB82B2434BE00C22AE3 /* Functions.swift */; };
		9B751CBB2B24C69D00C22AE3 /* Event2023Day09.swift in Sources */ = {isa = PBXBuildFile; fileRef = 9B751CBA2B24C69D00C22AE3 /* Event2023Day09.swift */; };
		9B751CBD2B24C6E700C22AE3 /* Event2023Day09.swift in Sources */ = {isa = PBXBuildFile; fileRef = 9B751CBC2B24C6E700C22AE3 /* Event2023Day09.swift */; };
		9B751CCB2B257D4500C22AE3 /* Event2023Day10.swift in Sources */ = {isa = PBXBuildFile; fileRef = 9B751CCA2B257D4500C22AE3 /* Event2023Day10.swift */; };
		9B751CCD2B257D7900C22AE3 /* Event2023Day10.swift in Sources */ = {isa = PBXBuildFile; fileRef = 9B751CCC2B257D7900C22AE3 /* Event2023Day10.swift */; };
		9B7D29F32B2CAB7700109D96 /* Event2023Day11.swift in Sources */ = {isa = PBXBuildFile; fileRef = 9B7D29F22B2CAB7700109D96 /* Event2023Day11.swift */; };
		9B7D29F52B2CABC200109D96 /* Event2023Day11.swift in Sources */ = {isa = PBXBuildFile; fileRef = 9B7D29F42B2CABC200109D96 /* Event2023Day11.swift */; };
		9B7D29FF2B2CC24000109D96 /* SwiftAlgorithmClub in Frameworks */ = {isa = PBXBuildFile; productRef = 9B7D29FE2B2CC24000109D96 /* SwiftAlgorithmClub */; };
		9BA25D342B1A2C470008FFD3 /* adventofcodeApp.swift in Sources */ = {isa = PBXBuildFile; fileRef = 9BA25D332B1A2C470008FFD3 /* adventofcodeApp.swift */; };
		9BA25D362B1A2C470008FFD3 /* ContentView.swift in Sources */ = {isa = PBXBuildFile; fileRef = 9BA25D352B1A2C470008FFD3 /* ContentView.swift */; };
		9BA25D382B1A2C490008FFD3 /* Assets.xcassets in Resources */ = {isa = PBXBuildFile; fileRef = 9BA25D372B1A2C490008FFD3 /* Assets.xcassets */; };
		9BA25D3B2B1A2C490008FFD3 /* Preview Assets.xcassets in Resources */ = {isa = PBXBuildFile; fileRef = 9BA25D3A2B1A2C490008FFD3 /* Preview Assets.xcassets */; };
/* End PBXBuildFile section */

/* Begin PBXContainerItemProxy section */
		9BA25D412B1A2C490008FFD3 /* PBXContainerItemProxy */ = {
			isa = PBXContainerItemProxy;
			containerPortal = 9BA25D282B1A2C470008FFD3 /* Project object */;
			proxyType = 1;
			remoteGlobalIDString = 9BA25D2F2B1A2C470008FFD3;
			remoteInfo = adventofcode;
		};
/* End PBXContainerItemProxy section */

/* Begin PBXFileReference section */
		9B71D4F22B1A301B002EB6B1 /* Event2023Day01.swift */ = {isa = PBXFileReference; lastKnownFileType = sourcecode.swift; path = Event2023Day01.swift; sourceTree = "<group>"; };
		9B71D4F42B1A31C3002EB6B1 /* Event2023Tests.swift */ = {isa = PBXFileReference; lastKnownFileType = sourcecode.swift; path = Event2023Tests.swift; sourceTree = "<group>"; };
		9B71D4F92B1A337D002EB6B1 /* Event2023Day01.swift */ = {isa = PBXFileReference; lastKnownFileType = sourcecode.swift; path = Event2023Day01.swift; sourceTree = "<group>"; };
		9B71D4FE2B1A3655002EB6B1 /* String+Ext.swift */ = {isa = PBXFileReference; lastKnownFileType = sourcecode.swift; path = "String+Ext.swift"; sourceTree = "<group>"; };
		9B71D5002B1A403C002EB6B1 /* Int+Ext.swift */ = {isa = PBXFileReference; lastKnownFileType = sourcecode.swift; path = "Int+Ext.swift"; sourceTree = "<group>"; };
		9B71D5022B1A4111002EB6B1 /* UtilsTests.swift */ = {isa = PBXFileReference; lastKnownFileType = sourcecode.swift; path = UtilsTests.swift; sourceTree = "<group>"; };
		9B71D51A2B1C04BD002EB6B1 /* Event2023Day02.swift */ = {isa = PBXFileReference; lastKnownFileType = sourcecode.swift; path = Event2023Day02.swift; sourceTree = "<group>"; };
		9B71D51C2B1C0510002EB6B1 /* Event2023Day02.swift */ = {isa = PBXFileReference; lastKnownFileType = sourcecode.swift; path = Event2023Day02.swift; sourceTree = "<group>"; };
		9B71D5322B1C43AA002EB6B1 /* Event2023Day03.swift */ = {isa = PBXFileReference; lastKnownFileType = sourcecode.swift; path = Event2023Day03.swift; sourceTree = "<group>"; };
		9B71D5342B1C43F3002EB6B1 /* Event2023Day03.swift */ = {isa = PBXFileReference; lastKnownFileType = sourcecode.swift; path = Event2023Day03.swift; sourceTree = "<group>"; };
		9B71D5362B1C44DE002EB6B1 /* Grid.swift */ = {isa = PBXFileReference; lastKnownFileType = sourcecode.swift; path = Grid.swift; sourceTree = "<group>"; };
		9B71D5382B1C474B002EB6B1 /* Point.swift */ = {isa = PBXFileReference; lastKnownFileType = sourcecode.swift; path = Point.swift; sourceTree = "<group>"; };
		9B71D53A2B1C47B6002EB6B1 /* Direction.swift */ = {isa = PBXFileReference; lastKnownFileType = sourcecode.swift; path = Direction.swift; sourceTree = "<group>"; };
		9B71D53C2B1E319C002EB6B1 /* Event2023Day04.swift */ = {isa = PBXFileReference; lastKnownFileType = sourcecode.swift; path = Event2023Day04.swift; sourceTree = "<group>"; };
		9B71D53E2B1E31D8002EB6B1 /* Event2023Day04.swift */ = {isa = PBXFileReference; lastKnownFileType = sourcecode.swift; path = Event2023Day04.swift; sourceTree = "<group>"; };
		9B71D54B2B1F97B0002EB6B1 /* Event2023Day05.swift */ = {isa = PBXFileReference; lastKnownFileType = sourcecode.swift; path = Event2023Day05.swift; sourceTree = "<group>"; };
		9B71D54D2B1F97FB002EB6B1 /* Event2023Day05.swift */ = {isa = PBXFileReference; lastKnownFileType = sourcecode.swift; path = Event2023Day05.swift; sourceTree = "<group>"; };
		9B71D55A2B215B69002EB6B1 /* Event2023Day06.swift */ = {isa = PBXFileReference; lastKnownFileType = sourcecode.swift; path = Event2023Day06.swift; sourceTree = "<group>"; };
		9B71D55C2B215BBC002EB6B1 /* Event2023Day06.swift */ = {isa = PBXFileReference; lastKnownFileType = sourcecode.swift; path = Event2023Day06.swift; sourceTree = "<group>"; };
		9B751CAD2B22ADED00C22AE3 /* Event2023Day07.swift */ = {isa = PBXFileReference; lastKnownFileType = sourcecode.swift; path = Event2023Day07.swift; sourceTree = "<group>"; };
		9B751CAF2B22AE3900C22AE3 /* Event2023Day07.swift */ = {isa = PBXFileReference; lastKnownFileType = sourcecode.swift; path = Event2023Day07.swift; sourceTree = "<group>"; };
		9B751CB12B23A2C100C22AE3 /* Event2023Day08.swift */ = {isa = PBXFileReference; lastKnownFileType = sourcecode.swift; path = Event2023Day08.swift; sourceTree = "<group>"; };
		9B751CB32B23A30000C22AE3 /* Event2023Day08.swift */ = {isa = PBXFileReference; lastKnownFileType = sourcecode.swift; path = Event2023Day08.swift; sourceTree = "<group>"; };
		9B751CB82B2434BE00C22AE3 /* Functions.swift */ = {isa = PBXFileReference; lastKnownFileType = sourcecode.swift; path = Functions.swift; sourceTree = "<group>"; };
		9B751CBA2B24C69D00C22AE3 /* Event2023Day09.swift */ = {isa = PBXFileReference; lastKnownFileType = sourcecode.swift; path = Event2023Day09.swift; sourceTree = "<group>"; };
		9B751CBC2B24C6E700C22AE3 /* Event2023Day09.swift */ = {isa = PBXFileReference; lastKnownFileType = sourcecode.swift; path = Event2023Day09.swift; sourceTree = "<group>"; };
		9B751CCA2B257D4500C22AE3 /* Event2023Day10.swift */ = {isa = PBXFileReference; lastKnownFileType = sourcecode.swift; path = Event2023Day10.swift; sourceTree = "<group>"; };
		9B751CCC2B257D7900C22AE3 /* Event2023Day10.swift */ = {isa = PBXFileReference; lastKnownFileType = sourcecode.swift; path = Event2023Day10.swift; sourceTree = "<group>"; };
		9B7D29F22B2CAB7700109D96 /* Event2023Day11.swift */ = {isa = PBXFileReference; lastKnownFileType = sourcecode.swift; path = Event2023Day11.swift; sourceTree = "<group>"; };
		9B7D29F42B2CABC200109D96 /* Event2023Day11.swift */ = {isa = PBXFileReference; lastKnownFileType = sourcecode.swift; path = Event2023Day11.swift; sourceTree = "<group>"; };
		9BA25D302B1A2C470008FFD3 /* adventofcode.app */ = {isa = PBXFileReference; explicitFileType = wrapper.application; includeInIndex = 0; path = adventofcode.app; sourceTree = BUILT_PRODUCTS_DIR; };
		9BA25D332B1A2C470008FFD3 /* adventofcodeApp.swift */ = {isa = PBXFileReference; lastKnownFileType = sourcecode.swift; path = adventofcodeApp.swift; sourceTree = "<group>"; };
		9BA25D352B1A2C470008FFD3 /* ContentView.swift */ = {isa = PBXFileReference; lastKnownFileType = sourcecode.swift; path = ContentView.swift; sourceTree = "<group>"; };
		9BA25D372B1A2C490008FFD3 /* Assets.xcassets */ = {isa = PBXFileReference; lastKnownFileType = folder.assetcatalog; path = Assets.xcassets; sourceTree = "<group>"; };
		9BA25D3A2B1A2C490008FFD3 /* Preview Assets.xcassets */ = {isa = PBXFileReference; lastKnownFileType = folder.assetcatalog; path = "Preview Assets.xcassets"; sourceTree = "<group>"; };
		9BA25D402B1A2C490008FFD3 /* adventofcodeTests.xctest */ = {isa = PBXFileReference; explicitFileType = wrapper.cfbundle; includeInIndex = 0; path = adventofcodeTests.xctest; sourceTree = BUILT_PRODUCTS_DIR; };
/* End PBXFileReference section */

/* Begin PBXFrameworksBuildPhase section */
		9BA25D2D2B1A2C470008FFD3 /* Frameworks */ = {
			isa = PBXFrameworksBuildPhase;
			buildActionMask = 2147483647;
			files = (
				9B7D29FF2B2CC24000109D96 /* SwiftAlgorithmClub in Frameworks */,
				9B751CB72B23B14800C22AE3 /* Algorithms in Frameworks */,
				9B71D5422B1E35B5002EB6B1 /* Numerics in Frameworks */,
				9B71D5252B1C1DA5002EB6B1 /* Collections in Frameworks */,
			);
			runOnlyForDeploymentPostprocessing = 0;
		};
		9BA25D3D2B1A2C490008FFD3 /* Frameworks */ = {
			isa = PBXFrameworksBuildPhase;
			buildActionMask = 2147483647;
			files = (
			);
			runOnlyForDeploymentPostprocessing = 0;
		};
/* End PBXFrameworksBuildPhase section */

/* Begin PBXGroup section */
		9B71D4F12B1A2F8A002EB6B1 /* 2023 */ = {
			isa = PBXGroup;
			children = (
				9B71D4F22B1A301B002EB6B1 /* Event2023Day01.swift */,
				9B71D51A2B1C04BD002EB6B1 /* Event2023Day02.swift */,
				9B71D5322B1C43AA002EB6B1 /* Event2023Day03.swift */,
				9B71D53C2B1E319C002EB6B1 /* Event2023Day04.swift */,
				9B71D54B2B1F97B0002EB6B1 /* Event2023Day05.swift */,
				9B71D55A2B215B69002EB6B1 /* Event2023Day06.swift */,
				9B751CAD2B22ADED00C22AE3 /* Event2023Day07.swift */,
				9B751CB12B23A2C100C22AE3 /* Event2023Day08.swift */,
				9B751CBA2B24C69D00C22AE3 /* Event2023Day09.swift */,
				9B751CCA2B257D4500C22AE3 /* Event2023Day10.swift */,
				9B7D29F22B2CAB7700109D96 /* Event2023Day11.swift */,
			);
			path = 2023;
			sourceTree = "<group>";
		};
		9B71D4F62B1A331D002EB6B1 /* 2023 */ = {
			isa = PBXGroup;
			children = (
				9B71D4F42B1A31C3002EB6B1 /* Event2023Tests.swift */,
				9B71D4F92B1A337D002EB6B1 /* Event2023Day01.swift */,
				9B71D51C2B1C0510002EB6B1 /* Event2023Day02.swift */,
				9B71D5342B1C43F3002EB6B1 /* Event2023Day03.swift */,
				9B71D53E2B1E31D8002EB6B1 /* Event2023Day04.swift */,
				9B71D54D2B1F97FB002EB6B1 /* Event2023Day05.swift */,
				9B71D55C2B215BBC002EB6B1 /* Event2023Day06.swift */,
				9B751CAF2B22AE3900C22AE3 /* Event2023Day07.swift */,
				9B751CB32B23A30000C22AE3 /* Event2023Day08.swift */,
				9B751CBC2B24C6E700C22AE3 /* Event2023Day09.swift */,
				9B751CCC2B257D7900C22AE3 /* Event2023Day10.swift */,
				9B7D29F42B2CABC200109D96 /* Event2023Day11.swift */,
			);
			path = 2023;
			sourceTree = "<group>";
		};
		9B71D4FC2B1A361C002EB6B1 /* App */ = {
			isa = PBXGroup;
			children = (
				9BA25D332B1A2C470008FFD3 /* adventofcodeApp.swift */,
				9BA25D352B1A2C470008FFD3 /* ContentView.swift */,
				9BA25D372B1A2C490008FFD3 /* Assets.xcassets */,
				9BA25D392B1A2C490008FFD3 /* Preview Content */,
			);
			name = App;
			sourceTree = "<group>";
		};
		9B71D4FD2B1A362E002EB6B1 /* Utils */ = {
			isa = PBXGroup;
			children = (
				9B71D53A2B1C47B6002EB6B1 /* Direction.swift */,
				9B71D5362B1C44DE002EB6B1 /* Grid.swift */,
				9B71D5002B1A403C002EB6B1 /* Int+Ext.swift */,
				9B71D5382B1C474B002EB6B1 /* Point.swift */,
				9B71D4FE2B1A3655002EB6B1 /* String+Ext.swift */,
				9B751CB82B2434BE00C22AE3 /* Functions.swift */,
			);
			path = Utils;
			sourceTree = "<group>";
		};
		9B71D5232B1C1DA5002EB6B1 /* Frameworks */ = {
			isa = PBXGroup;
			children = (
			);
			name = Frameworks;
			sourceTree = "<group>";
		};
		9BA25D272B1A2C470008FFD3 = {
			isa = PBXGroup;
			children = (
				9BA25D322B1A2C470008FFD3 /* adventofcode */,
				9BA25D432B1A2C490008FFD3 /* adventofcodeTests */,
				9B71D5022B1A4111002EB6B1 /* UtilsTests.swift */,
				9BA25D312B1A2C470008FFD3 /* Products */,
				9B71D5232B1C1DA5002EB6B1 /* Frameworks */,
			);
			sourceTree = "<group>";
		};
		9BA25D312B1A2C470008FFD3 /* Products */ = {
			isa = PBXGroup;
			children = (
				9BA25D302B1A2C470008FFD3 /* adventofcode.app */,
				9BA25D402B1A2C490008FFD3 /* adventofcodeTests.xctest */,
			);
			name = Products;
			sourceTree = "<group>";
		};
		9BA25D322B1A2C470008FFD3 /* adventofcode */ = {
			isa = PBXGroup;
			children = (
				9B71D4FC2B1A361C002EB6B1 /* App */,
				9B71D4F12B1A2F8A002EB6B1 /* 2023 */,
				9B71D4FD2B1A362E002EB6B1 /* Utils */,
			);
			path = adventofcode;
			sourceTree = "<group>";
		};
		9BA25D392B1A2C490008FFD3 /* Preview Content */ = {
			isa = PBXGroup;
			children = (
				9BA25D3A2B1A2C490008FFD3 /* Preview Assets.xcassets */,
			);
			path = "Preview Content";
			sourceTree = "<group>";
		};
		9BA25D432B1A2C490008FFD3 /* adventofcodeTests */ = {
			isa = PBXGroup;
			children = (
				9B71D4F62B1A331D002EB6B1 /* 2023 */,
			);
			path = adventofcodeTests;
			sourceTree = "<group>";
		};
/* End PBXGroup section */

/* Begin PBXNativeTarget section */
		9BA25D2F2B1A2C470008FFD3 /* adventofcode */ = {
			isa = PBXNativeTarget;
			buildConfigurationList = 9BA25D542B1A2C490008FFD3 /* Build configuration list for PBXNativeTarget "adventofcode" */;
			buildPhases = (
				9BA25D2C2B1A2C470008FFD3 /* Sources */,
				9BA25D2D2B1A2C470008FFD3 /* Frameworks */,
				9BA25D2E2B1A2C470008FFD3 /* Resources */,
			);
			buildRules = (
			);
			dependencies = (
			);
			name = adventofcode;
			packageProductDependencies = (
				9B71D5242B1C1DA5002EB6B1 /* Collections */,
				9B71D5412B1E35B5002EB6B1 /* Numerics */,
				9B751CB62B23B14800C22AE3 /* Algorithms */,
				9B7D29FE2B2CC24000109D96 /* SwiftAlgorithmClub */,
			);
			productName = adventofcode;
			productReference = 9BA25D302B1A2C470008FFD3 /* adventofcode.app */;
			productType = "com.apple.product-type.application";
		};
		9BA25D3F2B1A2C490008FFD3 /* adventofcodeTests */ = {
			isa = PBXNativeTarget;
			buildConfigurationList = 9BA25D572B1A2C490008FFD3 /* Build configuration list for PBXNativeTarget "adventofcodeTests" */;
			buildPhases = (
				9BA25D3C2B1A2C490008FFD3 /* Sources */,
				9BA25D3D2B1A2C490008FFD3 /* Frameworks */,
				9BA25D3E2B1A2C490008FFD3 /* Resources */,
			);
			buildRules = (
			);
			dependencies = (
				9BA25D422B1A2C490008FFD3 /* PBXTargetDependency */,
			);
			name = adventofcodeTests;
			productName = adventofcodeTests;
			productReference = 9BA25D402B1A2C490008FFD3 /* adventofcodeTests.xctest */;
			productType = "com.apple.product-type.bundle.unit-test";
		};
/* End PBXNativeTarget section */

/* Begin PBXProject section */
		9BA25D282B1A2C470008FFD3 /* Project object */ = {
			isa = PBXProject;
			attributes = {
				BuildIndependentTargetsInParallel = 1;
				LastSwiftUpdateCheck = 1500;
				LastUpgradeCheck = 1500;
				TargetAttributes = {
					9BA25D2F2B1A2C470008FFD3 = {
						CreatedOnToolsVersion = 15.0.1;
					};
					9BA25D3F2B1A2C490008FFD3 = {
						CreatedOnToolsVersion = 15.0.1;
						LastSwiftMigration = 1500;
						TestTargetID = 9BA25D2F2B1A2C470008FFD3;
					};
				};
			};
			buildConfigurationList = 9BA25D2B2B1A2C470008FFD3 /* Build configuration list for PBXProject "adventofcode" */;
			compatibilityVersion = "Xcode 14.0";
			developmentRegion = en;
			hasScannedForEncodings = 0;
			knownRegions = (
				en,
				Base,
			);
			mainGroup = 9BA25D272B1A2C470008FFD3;
			packageReferences = (
				9B71D5222B1C1C94002EB6B1 /* XCRemoteSwiftPackageReference "swift-collections" */,
				9B71D5402B1E35B5002EB6B1 /* XCRemoteSwiftPackageReference "swift-numerics" */,
				9B751CB52B23B14800C22AE3 /* XCRemoteSwiftPackageReference "swift-algorithms" */,
				9B7D29FD2B2CC24000109D96 /* XCRemoteSwiftPackageReference "swift-algorithm-club" */,
			);
			productRefGroup = 9BA25D312B1A2C470008FFD3 /* Products */;
			projectDirPath = "";
			projectRoot = "";
			targets = (
				9BA25D2F2B1A2C470008FFD3 /* adventofcode */,
				9BA25D3F2B1A2C490008FFD3 /* adventofcodeTests */,
			);
		};
/* End PBXProject section */

/* Begin PBXResourcesBuildPhase section */
		9BA25D2E2B1A2C470008FFD3 /* Resources */ = {
			isa = PBXResourcesBuildPhase;
			buildActionMask = 2147483647;
			files = (
				9BA25D3B2B1A2C490008FFD3 /* Preview Assets.xcassets in Resources */,
				9BA25D382B1A2C490008FFD3 /* Assets.xcassets in Resources */,
			);
			runOnlyForDeploymentPostprocessing = 0;
		};
		9BA25D3E2B1A2C490008FFD3 /* Resources */ = {
			isa = PBXResourcesBuildPhase;
			buildActionMask = 2147483647;
			files = (
			);
			runOnlyForDeploymentPostprocessing = 0;
		};
/* End PBXResourcesBuildPhase section */

/* Begin PBXSourcesBuildPhase section */
		9BA25D2C2B1A2C470008FFD3 /* Sources */ = {
			isa = PBXSourcesBuildPhase;
			buildActionMask = 2147483647;
			files = (
				9B71D5392B1C474B002EB6B1 /* Point.swift in Sources */,
				9B71D5012B1A403C002EB6B1 /* Int+Ext.swift in Sources */,
				9BA25D362B1A2C470008FFD3 /* ContentView.swift in Sources */,
				9B71D51B2B1C04BD002EB6B1 /* Event2023Day02.swift in Sources */,
				9B71D53B2B1C47B6002EB6B1 /* Direction.swift in Sources */,
				9B751CB22B23A2C100C22AE3 /* Event2023Day08.swift in Sources */,
				9B71D55B2B215B69002EB6B1 /* Event2023Day06.swift in Sources */,
				9BA25D342B1A2C470008FFD3 /* adventofcodeApp.swift in Sources */,
				9B751CB92B2434BE00C22AE3 /* Functions.swift in Sources */,
				9B71D54C2B1F97B0002EB6B1 /* Event2023Day05.swift in Sources */,
				9B71D53D2B1E319C002EB6B1 /* Event2023Day04.swift in Sources */,
				9B751CBB2B24C69D00C22AE3 /* Event2023Day09.swift in Sources */,
				9B7D29F32B2CAB7700109D96 /* Event2023Day11.swift in Sources */,
				9B71D5372B1C44DE002EB6B1 /* Grid.swift in Sources */,
				9B71D4FF2B1A3655002EB6B1 /* String+Ext.swift in Sources */,
				9B71D4F32B1A301B002EB6B1 /* Event2023Day01.swift in Sources */,
				9B751CAE2B22ADED00C22AE3 /* Event2023Day07.swift in Sources */,
				9B71D5332B1C43AA002EB6B1 /* Event2023Day03.swift in Sources */,
				9B751CCB2B257D4500C22AE3 /* Event2023Day10.swift in Sources */,
			);
			runOnlyForDeploymentPostprocessing = 0;
		};
		9BA25D3C2B1A2C490008FFD3 /* Sources */ = {
			isa = PBXSourcesBuildPhase;
			buildActionMask = 2147483647;
			files = (
				9B7D29F52B2CABC200109D96 /* Event2023Day11.swift in Sources */,
				9B71D4F52B1A31C3002EB6B1 /* Event2023Tests.swift in Sources */,
				9B71D4FA2B1A337D002EB6B1 /* Event2023Day01.swift in Sources */,
				9B751CCD2B257D7900C22AE3 /* Event2023Day10.swift in Sources */,
				9B71D5352B1C43F3002EB6B1 /* Event2023Day03.swift in Sources */,
				9B71D53F2B1E31D8002EB6B1 /* Event2023Day04.swift in Sources */,
				9B71D5032B1A4111002EB6B1 /* UtilsTests.swift in Sources */,
				9B751CBD2B24C6E700C22AE3 /* Event2023Day09.swift in Sources */,
				9B751CB42B23A30000C22AE3 /* Event2023Day08.swift in Sources */,
				9B751CB02B22AE3900C22AE3 /* Event2023Day07.swift in Sources */,
				9B71D55D2B215BBC002EB6B1 /* Event2023Day06.swift in Sources */,
				9B71D54E2B1F97FB002EB6B1 /* Event2023Day05.swift in Sources */,
				9B71D51D2B1C0510002EB6B1 /* Event2023Day02.swift in Sources */,
			);
			runOnlyForDeploymentPostprocessing = 0;
		};
/* End PBXSourcesBuildPhase section */

/* Begin PBXTargetDependency section */
		9BA25D422B1A2C490008FFD3 /* PBXTargetDependency */ = {
			isa = PBXTargetDependency;
			target = 9BA25D2F2B1A2C470008FFD3 /* adventofcode */;
			targetProxy = 9BA25D412B1A2C490008FFD3 /* PBXContainerItemProxy */;
		};
/* End PBXTargetDependency section */

/* Begin XCBuildConfiguration section */
		9BA25D522B1A2C490008FFD3 /* Debug */ = {
			isa = XCBuildConfiguration;
			buildSettings = {
				ALWAYS_SEARCH_USER_PATHS = NO;
				ASSETCATALOG_COMPILER_GENERATE_SWIFT_ASSET_SYMBOL_EXTENSIONS = YES;
				CLANG_ANALYZER_NONNULL = YES;
				CLANG_ANALYZER_NUMBER_OBJECT_CONVERSION = YES_AGGRESSIVE;
				CLANG_CXX_LANGUAGE_STANDARD = "gnu++20";
				CLANG_ENABLE_MODULES = YES;
				CLANG_ENABLE_OBJC_ARC = YES;
				CLANG_ENABLE_OBJC_WEAK = YES;
				CLANG_WARN_BLOCK_CAPTURE_AUTORELEASING = YES;
				CLANG_WARN_BOOL_CONVERSION = YES;
				CLANG_WARN_COMMA = YES;
				CLANG_WARN_CONSTANT_CONVERSION = YES;
				CLANG_WARN_DEPRECATED_OBJC_IMPLEMENTATIONS = YES;
				CLANG_WARN_DIRECT_OBJC_ISA_USAGE = YES_ERROR;
				CLANG_WARN_DOCUMENTATION_COMMENTS = YES;
				CLANG_WARN_EMPTY_BODY = YES;
				CLANG_WARN_ENUM_CONVERSION = YES;
				CLANG_WARN_INFINITE_RECURSION = YES;
				CLANG_WARN_INT_CONVERSION = YES;
				CLANG_WARN_NON_LITERAL_NULL_CONVERSION = YES;
				CLANG_WARN_OBJC_IMPLICIT_RETAIN_SELF = YES;
				CLANG_WARN_OBJC_LITERAL_CONVERSION = YES;
				CLANG_WARN_OBJC_ROOT_CLASS = YES_ERROR;
				CLANG_WARN_QUOTED_INCLUDE_IN_FRAMEWORK_HEADER = YES;
				CLANG_WARN_RANGE_LOOP_ANALYSIS = YES;
				CLANG_WARN_STRICT_PROTOTYPES = YES;
				CLANG_WARN_SUSPICIOUS_MOVE = YES;
				CLANG_WARN_UNGUARDED_AVAILABILITY = YES_AGGRESSIVE;
				CLANG_WARN_UNREACHABLE_CODE = YES;
				CLANG_WARN__DUPLICATE_METHOD_MATCH = YES;
				COPY_PHASE_STRIP = NO;
				DEBUG_INFORMATION_FORMAT = dwarf;
				ENABLE_STRICT_OBJC_MSGSEND = YES;
				ENABLE_TESTABILITY = YES;
				ENABLE_USER_SCRIPT_SANDBOXING = YES;
				GCC_C_LANGUAGE_STANDARD = gnu17;
				GCC_DYNAMIC_NO_PIC = NO;
				GCC_NO_COMMON_BLOCKS = YES;
				GCC_OPTIMIZATION_LEVEL = 0;
				GCC_PREPROCESSOR_DEFINITIONS = (
					"DEBUG=1",
					"$(inherited)",
				);
				GCC_WARN_64_TO_32_BIT_CONVERSION = YES;
				GCC_WARN_ABOUT_RETURN_TYPE = YES_ERROR;
				GCC_WARN_UNDECLARED_SELECTOR = YES;
				GCC_WARN_UNINITIALIZED_AUTOS = YES_AGGRESSIVE;
				GCC_WARN_UNUSED_FUNCTION = YES;
				GCC_WARN_UNUSED_VARIABLE = YES;
				IPHONEOS_DEPLOYMENT_TARGET = 17.0;
				LOCALIZATION_PREFERS_STRING_CATALOGS = YES;
				MTL_ENABLE_DEBUG_INFO = INCLUDE_SOURCE;
				MTL_FAST_MATH = YES;
				ONLY_ACTIVE_ARCH = YES;
				SDKROOT = iphoneos;
				SWIFT_ACTIVE_COMPILATION_CONDITIONS = "DEBUG $(inherited)";
				SWIFT_OPTIMIZATION_LEVEL = "-Onone";
			};
			name = Debug;
		};
		9BA25D532B1A2C490008FFD3 /* Release */ = {
			isa = XCBuildConfiguration;
			buildSettings = {
				ALWAYS_SEARCH_USER_PATHS = NO;
				ASSETCATALOG_COMPILER_GENERATE_SWIFT_ASSET_SYMBOL_EXTENSIONS = YES;
				CLANG_ANALYZER_NONNULL = YES;
				CLANG_ANALYZER_NUMBER_OBJECT_CONVERSION = YES_AGGRESSIVE;
				CLANG_CXX_LANGUAGE_STANDARD = "gnu++20";
				CLANG_ENABLE_MODULES = YES;
				CLANG_ENABLE_OBJC_ARC = YES;
				CLANG_ENABLE_OBJC_WEAK = YES;
				CLANG_WARN_BLOCK_CAPTURE_AUTORELEASING = YES;
				CLANG_WARN_BOOL_CONVERSION = YES;
				CLANG_WARN_COMMA = YES;
				CLANG_WARN_CONSTANT_CONVERSION = YES;
				CLANG_WARN_DEPRECATED_OBJC_IMPLEMENTATIONS = YES;
				CLANG_WARN_DIRECT_OBJC_ISA_USAGE = YES_ERROR;
				CLANG_WARN_DOCUMENTATION_COMMENTS = YES;
				CLANG_WARN_EMPTY_BODY = YES;
				CLANG_WARN_ENUM_CONVERSION = YES;
				CLANG_WARN_INFINITE_RECURSION = YES;
				CLANG_WARN_INT_CONVERSION = YES;
				CLANG_WARN_NON_LITERAL_NULL_CONVERSION = YES;
				CLANG_WARN_OBJC_IMPLICIT_RETAIN_SELF = YES;
				CLANG_WARN_OBJC_LITERAL_CONVERSION = YES;
				CLANG_WARN_OBJC_ROOT_CLASS = YES_ERROR;
				CLANG_WARN_QUOTED_INCLUDE_IN_FRAMEWORK_HEADER = YES;
				CLANG_WARN_RANGE_LOOP_ANALYSIS = YES;
				CLANG_WARN_STRICT_PROTOTYPES = YES;
				CLANG_WARN_SUSPICIOUS_MOVE = YES;
				CLANG_WARN_UNGUARDED_AVAILABILITY = YES_AGGRESSIVE;
				CLANG_WARN_UNREACHABLE_CODE = YES;
				CLANG_WARN__DUPLICATE_METHOD_MATCH = YES;
				COPY_PHASE_STRIP = NO;
				DEBUG_INFORMATION_FORMAT = "dwarf-with-dsym";
				ENABLE_NS_ASSERTIONS = NO;
				ENABLE_STRICT_OBJC_MSGSEND = YES;
				ENABLE_USER_SCRIPT_SANDBOXING = YES;
				GCC_C_LANGUAGE_STANDARD = gnu17;
				GCC_NO_COMMON_BLOCKS = YES;
				GCC_WARN_64_TO_32_BIT_CONVERSION = YES;
				GCC_WARN_ABOUT_RETURN_TYPE = YES_ERROR;
				GCC_WARN_UNDECLARED_SELECTOR = YES;
				GCC_WARN_UNINITIALIZED_AUTOS = YES_AGGRESSIVE;
				GCC_WARN_UNUSED_FUNCTION = YES;
				GCC_WARN_UNUSED_VARIABLE = YES;
				IPHONEOS_DEPLOYMENT_TARGET = 17.0;
				LOCALIZATION_PREFERS_STRING_CATALOGS = YES;
				MTL_ENABLE_DEBUG_INFO = NO;
				MTL_FAST_MATH = YES;
				SDKROOT = iphoneos;
				SWIFT_COMPILATION_MODE = wholemodule;
				VALIDATE_PRODUCT = YES;
			};
			name = Release;
		};
		9BA25D552B1A2C490008FFD3 /* Debug */ = {
			isa = XCBuildConfiguration;
			buildSettings = {
				ASSETCATALOG_COMPILER_APPICON_NAME = AppIcon;
				ASSETCATALOG_COMPILER_GLOBAL_ACCENT_COLOR_NAME = AccentColor;
				CODE_SIGN_STYLE = Automatic;
				CURRENT_PROJECT_VERSION = 1;
				DEVELOPMENT_ASSET_PATHS = "\"adventofcode/Preview Content\"";
				DEVELOPMENT_TEAM = P7GC655BZZ;
				ENABLE_PREVIEWS = YES;
				GENERATE_INFOPLIST_FILE = YES;
				INFOPLIST_KEY_UIApplicationSceneManifest_Generation = YES;
				INFOPLIST_KEY_UIApplicationSupportsIndirectInputEvents = YES;
				INFOPLIST_KEY_UILaunchScreen_Generation = YES;
				INFOPLIST_KEY_UISupportedInterfaceOrientations_iPad = "UIInterfaceOrientationPortrait UIInterfaceOrientationPortraitUpsideDown UIInterfaceOrientationLandscapeLeft UIInterfaceOrientationLandscapeRight";
				INFOPLIST_KEY_UISupportedInterfaceOrientations_iPhone = "UIInterfaceOrientationPortrait UIInterfaceOrientationLandscapeLeft UIInterfaceOrientationLandscapeRight";
				LD_RUNPATH_SEARCH_PATHS = (
					"$(inherited)",
					"@executable_path/Frameworks",
				);
				MARKETING_VERSION = 1.0;
				PRODUCT_BUNDLE_IDENTIFIER = edu.self.adventofcode;
				PRODUCT_NAME = "$(TARGET_NAME)";
				SWIFT_EMIT_LOC_STRINGS = YES;
				SWIFT_VERSION = 5.0;
				TARGETED_DEVICE_FAMILY = "1,2";
			};
			name = Debug;
		};
		9BA25D562B1A2C490008FFD3 /* Release */ = {
			isa = XCBuildConfiguration;
			buildSettings = {
				ASSETCATALOG_COMPILER_APPICON_NAME = AppIcon;
				ASSETCATALOG_COMPILER_GLOBAL_ACCENT_COLOR_NAME = AccentColor;
				CODE_SIGN_STYLE = Automatic;
				CURRENT_PROJECT_VERSION = 1;
				DEVELOPMENT_ASSET_PATHS = "\"adventofcode/Preview Content\"";
				DEVELOPMENT_TEAM = P7GC655BZZ;
				ENABLE_PREVIEWS = YES;
				GENERATE_INFOPLIST_FILE = YES;
				INFOPLIST_KEY_UIApplicationSceneManifest_Generation = YES;
				INFOPLIST_KEY_UIApplicationSupportsIndirectInputEvents = YES;
				INFOPLIST_KEY_UILaunchScreen_Generation = YES;
				INFOPLIST_KEY_UISupportedInterfaceOrientations_iPad = "UIInterfaceOrientationPortrait UIInterfaceOrientationPortraitUpsideDown UIInterfaceOrientationLandscapeLeft UIInterfaceOrientationLandscapeRight";
				INFOPLIST_KEY_UISupportedInterfaceOrientations_iPhone = "UIInterfaceOrientationPortrait UIInterfaceOrientationLandscapeLeft UIInterfaceOrientationLandscapeRight";
				LD_RUNPATH_SEARCH_PATHS = (
					"$(inherited)",
					"@executable_path/Frameworks",
				);
				MARKETING_VERSION = 1.0;
				PRODUCT_BUNDLE_IDENTIFIER = edu.self.adventofcode;
				PRODUCT_NAME = "$(TARGET_NAME)";
				SWIFT_EMIT_LOC_STRINGS = YES;
				SWIFT_VERSION = 5.0;
				TARGETED_DEVICE_FAMILY = "1,2";
			};
			name = Release;
		};
		9BA25D582B1A2C490008FFD3 /* Debug */ = {
			isa = XCBuildConfiguration;
			buildSettings = {
				ALWAYS_EMBED_SWIFT_STANDARD_LIBRARIES = YES;
				BUNDLE_LOADER = "$(TEST_HOST)";
				CLANG_ENABLE_MODULES = YES;
				CODE_SIGN_STYLE = Automatic;
				CURRENT_PROJECT_VERSION = 1;
				DEVELOPMENT_TEAM = P7GC655BZZ;
				GENERATE_INFOPLIST_FILE = YES;
				IPHONEOS_DEPLOYMENT_TARGET = 17.0;
				MARKETING_VERSION = 1.0;
				PRODUCT_BUNDLE_IDENTIFIER = edu.self.adventofcodeTests;
				PRODUCT_NAME = "$(TARGET_NAME)";
				SWIFT_EMIT_LOC_STRINGS = NO;
				SWIFT_OPTIMIZATION_LEVEL = "-Onone";
				SWIFT_VERSION = 5.0;
				TARGETED_DEVICE_FAMILY = "1,2";
				TEST_HOST = "$(BUILT_PRODUCTS_DIR)/adventofcode.app/$(BUNDLE_EXECUTABLE_FOLDER_PATH)/adventofcode";
			};
			name = Debug;
		};
		9BA25D592B1A2C490008FFD3 /* Release */ = {
			isa = XCBuildConfiguration;
			buildSettings = {
				ALWAYS_EMBED_SWIFT_STANDARD_LIBRARIES = YES;
				BUNDLE_LOADER = "$(TEST_HOST)";
				CLANG_ENABLE_MODULES = YES;
				CODE_SIGN_STYLE = Automatic;
				CURRENT_PROJECT_VERSION = 1;
				DEVELOPMENT_TEAM = P7GC655BZZ;
				GENERATE_INFOPLIST_FILE = YES;
				IPHONEOS_DEPLOYMENT_TARGET = 17.0;
				MARKETING_VERSION = 1.0;
				PRODUCT_BUNDLE_IDENTIFIER = edu.self.adventofcodeTests;
				PRODUCT_NAME = "$(TARGET_NAME)";
				SWIFT_EMIT_LOC_STRINGS = NO;
				SWIFT_VERSION = 5.0;
				TARGETED_DEVICE_FAMILY = "1,2";
				TEST_HOST = "$(BUILT_PRODUCTS_DIR)/adventofcode.app/$(BUNDLE_EXECUTABLE_FOLDER_PATH)/adventofcode";
			};
			name = Release;
		};
/* End XCBuildConfiguration section */

/* Begin XCConfigurationList section */
		9BA25D2B2B1A2C470008FFD3 /* Build configuration list for PBXProject "adventofcode" */ = {
			isa = XCConfigurationList;
			buildConfigurations = (
				9BA25D522B1A2C490008FFD3 /* Debug */,
				9BA25D532B1A2C490008FFD3 /* Release */,
			);
			defaultConfigurationIsVisible = 0;
			defaultConfigurationName = Release;
		};
		9BA25D542B1A2C490008FFD3 /* Build configuration list for PBXNativeTarget "adventofcode" */ = {
			isa = XCConfigurationList;
			buildConfigurations = (
				9BA25D552B1A2C490008FFD3 /* Debug */,
				9BA25D562B1A2C490008FFD3 /* Release */,
			);
			defaultConfigurationIsVisible = 0;
			defaultConfigurationName = Release;
		};
		9BA25D572B1A2C490008FFD3 /* Build configuration list for PBXNativeTarget "adventofcodeTests" */ = {
			isa = XCConfigurationList;
			buildConfigurations = (
				9BA25D582B1A2C490008FFD3 /* Debug */,
				9BA25D592B1A2C490008FFD3 /* Release */,
			);
			defaultConfigurationIsVisible = 0;
			defaultConfigurationName = Release;
		};
/* End XCConfigurationList section */

/* Begin XCRemoteSwiftPackageReference section */
		9B71D5222B1C1C94002EB6B1 /* XCRemoteSwiftPackageReference "swift-collections" */ = {
			isa = XCRemoteSwiftPackageReference;
			repositoryURL = "https://github.com/apple/swift-collections.git";
			requirement = {
				kind = upToNextMajorVersion;
				minimumVersion = 1.0.5;
			};
		};
		9B71D5402B1E35B5002EB6B1 /* XCRemoteSwiftPackageReference "swift-numerics" */ = {
			isa = XCRemoteSwiftPackageReference;
			repositoryURL = "https://github.com/apple/swift-numerics.git";
			requirement = {
				kind = upToNextMajorVersion;
				minimumVersion = 1.0.2;
			};
		};
		9B751CB52B23B14800C22AE3 /* XCRemoteSwiftPackageReference "swift-algorithms" */ = {
			isa = XCRemoteSwiftPackageReference;
			repositoryURL = "https://github.com/apple/swift-algorithms.git";
			requirement = {
				kind = upToNextMajorVersion;
				minimumVersion = 1.2.0;
			};
		};
		9B7D29FD2B2CC24000109D96 /* XCRemoteSwiftPackageReference "swift-algorithm-club" */ = {
			isa = XCRemoteSwiftPackageReference;
			repositoryURL = "https://github.com/pauluhn/swift-algorithm-club";
			requirement = {
				branch = master;
				kind = branch;
			};
		};
/* End XCRemoteSwiftPackageReference section */

/* Begin XCSwiftPackageProductDependency section */
		9B71D5242B1C1DA5002EB6B1 /* Collections */ = {
			isa = XCSwiftPackageProductDependency;
			package = 9B71D5222B1C1C94002EB6B1 /* XCRemoteSwiftPackageReference "swift-collections" */;
			productName = Collections;
		};
		9B71D5412B1E35B5002EB6B1 /* Numerics */ = {
			isa = XCSwiftPackageProductDependency;
			package = 9B71D5402B1E35B5002EB6B1 /* XCRemoteSwiftPackageReference "swift-numerics" */;
			productName = Numerics;
		};
		9B751CB62B23B14800C22AE3 /* Algorithms */ = {
			isa = XCSwiftPackageProductDependency;
			package = 9B751CB52B23B14800C22AE3 /* XCRemoteSwiftPackageReference "swift-algorithms" */;
			productName = Algorithms;
		};
		9B7D29FE2B2CC24000109D96 /* SwiftAlgorithmClub */ = {
			isa = XCSwiftPackageProductDependency;
			package = 9B7D29FD2B2CC24000109D96 /* XCRemoteSwiftPackageReference "swift-algorithm-club" */;
			productName = SwiftAlgorithmClub;
		};
/* End XCSwiftPackageProductDependency section */
	};
	rootObject = 9BA25D282B1A2C470008FFD3 /* Project object */;
}
